// !$*UTF8*$!
{
	archiveVersion = 1;
	classes = {
	};
	objectVersion = 50;
	objects = {

/* Begin PBXBuildFile section */
		A3F277CD216DB46B002B1221 /* AppDelegate.swift in Sources */ = {isa = PBXBuildFile; fileRef = A3F277CC216DB46B002B1221 /* AppDelegate.swift */; };
		A3F277CF216DB46B002B1221 /* ViewController.swift in Sources */ = {isa = PBXBuildFile; fileRef = A3F277CE216DB46B002B1221 /* ViewController.swift */; };
		A3F277D2216DB46B002B1221 /* Main.storyboard in Resources */ = {isa = PBXBuildFile; fileRef = A3F277D0216DB46B002B1221 /* Main.storyboard */; };
		A3F277D5216DB46B002B1221 /* SleepyNote.xcdatamodeld in Sources */ = {isa = PBXBuildFile; fileRef = A3F277D3216DB46B002B1221 /* SleepyNote.xcdatamodeld */; };
		A3F277D7216DB46D002B1221 /* Assets.xcassets in Resources */ = {isa = PBXBuildFile; fileRef = A3F277D6216DB46D002B1221 /* Assets.xcassets */; };
		A3F277DA216DB46D002B1221 /* LaunchScreen.storyboard in Resources */ = {isa = PBXBuildFile; fileRef = A3F277D8216DB46D002B1221 /* LaunchScreen.storyboard */; };
/* End PBXBuildFile section */

/* Begin PBXFileReference section */
		A3F277C9216DB46B002B1221 /* SleepyNote.app */ = {isa = PBXFileReference; explicitFileType = wrapper.application; includeInIndex = 0; path = SleepyNote.app; sourceTree = BUILT_PRODUCTS_DIR; };
		A3F277CC216DB46B002B1221 /* AppDelegate.swift */ = {isa = PBXFileReference; lastKnownFileType = sourcecode.swift; path = AppDelegate.swift; sourceTree = "<group>"; };
		A3F277CE216DB46B002B1221 /* ViewController.swift */ = {isa = PBXFileReference; lastKnownFileType = sourcecode.swift; path = ViewController.swift; sourceTree = "<group>"; };
		A3F277D1216DB46B002B1221 /* Base */ = {isa = PBXFileReference; lastKnownFileType = file.storyboard; name = Base; path = Base.lproj/Main.storyboard; sourceTree = "<group>"; };
		A3F277D4216DB46B002B1221 /* SleepyNote.xcdatamodel */ = {isa = PBXFileReference; lastKnownFileType = wrapper.xcdatamodel; path = SleepyNote.xcdatamodel; sourceTree = "<group>"; };
		A3F277D6216DB46D002B1221 /* Assets.xcassets */ = {isa = PBXFileReference; lastKnownFileType = folder.assetcatalog; path = Assets.xcassets; sourceTree = "<group>"; };
		A3F277D9216DB46D002B1221 /* Base */ = {isa = PBXFileReference; lastKnownFileType = file.storyboard; name = Base; path = Base.lproj/LaunchScreen.storyboard; sourceTree = "<group>"; };
		A3F277DB216DB46D002B1221 /* Info.plist */ = {isa = PBXFileReference; lastKnownFileType = text.plist.xml; path = Info.plist; sourceTree = "<group>"; };
/* End PBXFileReference section */

/* Begin PBXFrameworksBuildPhase section */
		A3F277C6216DB46B002B1221 /* Frameworks */ = {
			isa = PBXFrameworksBuildPhase;
			buildActionMask = 2147483647;
			files = (
			);
			runOnlyForDeploymentPostprocessing = 0;
		};
/* End PBXFrameworksBuildPhase section */

/* Begin PBXGroup section */
		A3F277C0216DB46B002B1221 = {
			isa = PBXGroup;
			children = (
				A3F277CB216DB46B002B1221 /* SleepyNote */,
				A3F277CA216DB46B002B1221 /* Products */,
			);
			sourceTree = "<group>";
		};
		A3F277CA216DB46B002B1221 /* Products */ = {
			isa = PBXGroup;
			children = (
				A3F277C9216DB46B002B1221 /* SleepyNote.app */,
			);
			name = Products;
			sourceTree = "<group>";
		};
		A3F277CB216DB46B002B1221 /* SleepyNote */ = {
			isa = PBXGroup;
			children = (
				A3F277CC216DB46B002B1221 /* AppDelegate.swift */,
				A3F277D6216DB46D002B1221 /* Assets.xcassets */,
				A3F277D8216DB46D002B1221 /* LaunchScreen.storyboard */,
				A3F277DB216DB46D002B1221 /* Info.plist */,
				A3F277E1216DB55F002B1221 /* Model */,
				A3F277E2216DB565002B1221 /* View */,
				A3F277E3216DB56C002B1221 /* Controller */,
			);
			path = SleepyNote;
			sourceTree = "<group>";
		};
		A3F277E1216DB55F002B1221 /* Model */ = {
			isa = PBXGroup;
			children = (
				A3F277D3216DB46B002B1221 /* SleepyNote.xcdatamodeld */,
			);
			path = Model;
			sourceTree = "<group>";
		};
		A3F277E2216DB565002B1221 /* View */ = {
			isa = PBXGroup;
			children = (
				A3F277D0216DB46B002B1221 /* Main.storyboard */,
			);
			path = View;
			sourceTree = "<group>";
		};
		A3F277E3216DB56C002B1221 /* Controller */ = {
			isa = PBXGroup;
			children = (
				A3F277CE216DB46B002B1221 /* ViewController.swift */,
			);
			path = Controller;
			sourceTree = "<group>";
		};
/* End PBXGroup section */

/* Begin PBXNativeTarget section */
		A3F277C8216DB46B002B1221 /* SleepyNote */ = {
			isa = PBXNativeTarget;
			buildConfigurationList = A3F277DE216DB46D002B1221 /* Build configuration list for PBXNativeTarget "SleepyNote" */;
			buildPhases = (
				A3F277C5216DB46B002B1221 /* Sources */,
				A3F277C6216DB46B002B1221 /* Frameworks */,
				A3F277C7216DB46B002B1221 /* Resources */,
			);
			buildRules = (
			);
			dependencies = (
			);
			name = SleepyNote;
			productName = SleepyNote;
			productReference = A3F277C9216DB46B002B1221 /* SleepyNote.app */;
			productType = "com.apple.product-type.application";
		};
/* End PBXNativeTarget section */

/* Begin PBXProject section */
		A3F277C1216DB46B002B1221 /* Project object */ = {
			isa = PBXProject;
			attributes = {
				LastSwiftUpdateCheck = 1000;
				LastUpgradeCheck = 1000;
				ORGANIZATIONNAME = "Rayo Roderik";
				TargetAttributes = {
					A3F277C8216DB46B002B1221 = {
						CreatedOnToolsVersion = 10.0;
					};
				};
			};
			buildConfigurationList = A3F277C4216DB46B002B1221 /* Build configuration list for PBXProject "SleepyNote" */;
			compatibilityVersion = "Xcode 9.3";
			developmentRegion = en;
			hasScannedForEncodings = 0;
			knownRegions = (
				en,
				Base,
			);
			mainGroup = A3F277C0216DB46B002B1221;
			productRefGroup = A3F277CA216DB46B002B1221 /* Products */;
			projectDirPath = "";
			projectRoot = "";
			targets = (
				A3F277C8216DB46B002B1221 /* SleepyNote */,
			);
		};
/* End PBXProject section */

/* Begin PBXResourcesBuildPhase section */
		A3F277C7216DB46B002B1221 /* Resources */ = {
			isa = PBXResourcesBuildPhase;
			buildActionMask = 2147483647;
			files = (
				A3F277DA216DB46D002B1221 /* LaunchScreen.storyboard in Resources */,
				A3F277D7216DB46D002B1221 /* Assets.xcassets in Resources */,
				A3F277D2216DB46B002B1221 /* Main.storyboard in Resources */,
			);
			runOnlyForDeploymentPostprocessing = 0;
		};
/* End PBXResourcesBuildPhase section */

/* Begin PBXSourcesBuildPhase section */
		A3F277C5216DB46B002B1221 /* Sources */ = {
			isa = PBXSourcesBuildPhase;
			buildActionMask = 2147483647;
			files = (
				A3F277CF216DB46B002B1221 /* ViewController.swift in Sources */,
				A3F277CD216DB46B002B1221 /* AppDelegate.swift in Sources */,
				A3F277D5216DB46B002B1221 /* SleepyNote.xcdatamodeld in Sources */,
			);
			runOnlyForDeploymentPostprocessing = 0;
		};
/* End PBXSourcesBuildPhase section */

/* Begin PBXVariantGroup section */
		A3F277D0216DB46B002B1221 /* Main.storyboard */ = {
			isa = PBXVariantGroup;
			children = (
				A3F277D1216DB46B002B1221 /* Base */,
			);
			name = Main.storyboard;
			sourceTree = "<group>";
		};
		A3F277D8216DB46D002B1221 /* LaunchScreen.storyboard */ = {
			isa = PBXVariantGroup;
			children = (
				A3F277D9216DB46D002B1221 /* Base */,
			);
			name = LaunchScreen.storyboard;
			sourceTree = "<group>";
		};
/* End PBXVariantGroup section */

/* Begin XCBuildConfiguration section */
		A3F277DC216DB46D002B1221 /* Debug */ = {
			isa = XCBuildConfiguration;
			buildSettings = {
				ALWAYS_SEARCH_USER_PATHS = NO;
				CLANG_ANALYZER_NONNULL = YES;
				CLANG_ANALYZER_NUMBER_OBJECT_CONVERSION = YES_AGGRESSIVE;
				CLANG_CXX_LANGUAGE_STANDARD = "gnu++14";
				CLANG_CXX_LIBRARY = "libc++";
				CLANG_ENABLE_MODULES = YES;
				CLANG_ENABLE_OBJC_ARC = YES;
				CLANG_ENABLE_OBJC_WEAK = YES;
				CLANG_WARN_BLOCK_CAPTURE_AUTORELEASING = YES;
				CLANG_WARN_BOOL_CONVERSION = YES;
				CLANG_WARN_COMMA = YES;
				CLANG_WARN_CONSTANT_CONVERSION = YES;
				CLANG_WARN_DEPRECATED_OBJC_IMPLEMENTATIONS = YES;
				CLANG_WARN_DIRECT_OBJC_ISA_USAGE = YES_ERROR;
				CLANG_WARN_DOCUMENTATION_COMMENTS = YES;
				CLANG_WARN_EMPTY_BODY = YES;
				CLANG_WARN_ENUM_CONVERSION = YES;
				CLANG_WARN_INFINITE_RECURSION = YES;
				CLANG_WARN_INT_CONVERSION = YES;
				CLANG_WARN_NON_LITERAL_NULL_CONVERSION = YES;
				CLANG_WARN_OBJC_IMPLICIT_RETAIN_SELF = YES;
				CLANG_WARN_OBJC_LITERAL_CONVERSION = YES;
				CLANG_WARN_OBJC_ROOT_CLASS = YES_ERROR;
				CLANG_WARN_RANGE_LOOP_ANALYSIS = YES;
				CLANG_WARN_STRICT_PROTOTYPES = YES;
				CLANG_WARN_SUSPICIOUS_MOVE = YES;
				CLANG_WARN_UNGUARDED_AVAILABILITY = YES_AGGRESSIVE;
				CLANG_WARN_UNREACHABLE_CODE = YES;
				CLANG_WARN__DUPLICATE_METHOD_MATCH = YES;
				CODE_SIGN_IDENTITY = "iPhone Developer";
				COPY_PHASE_STRIP = NO;
				DEBUG_INFORMATION_FORMAT = dwarf;
				ENABLE_STRICT_OBJC_MSGSEND = YES;
				ENABLE_TESTABILITY = YES;
				GCC_C_LANGUAGE_STANDARD = gnu11;
				GCC_DYNAMIC_NO_PIC = NO;
				GCC_NO_COMMON_BLOCKS = YES;
				GCC_OPTIMIZATION_LEVEL = 0;
				GCC_PREPROCESSOR_DEFINITIONS = (
					"DEBUG=1",
					"$(inherited)",
				);
				GCC_WARN_64_TO_32_BIT_CONVERSION = YES;
				GCC_WARN_ABOUT_RETURN_TYPE = YES_ERROR;
				GCC_WARN_UNDECLARED_SELECTOR = YES;
				GCC_WARN_UNINITIALIZED_AUTOS = YES_AGGRESSIVE;
				GCC_WARN_UNUSED_FUNCTION = YES;
				GCC_WARN_UNUSED_VARIABLE = YES;
				IPHONEOS_DEPLOYMENT_TARGET = 12.0;
				MTL_ENABLE_DEBUG_INFO = INCLUDE_SOURCE;
				MTL_FAST_MATH = YES;
				ONLY_ACTIVE_ARCH = YES;
				SDKROOT = iphoneos;
				SWIFT_ACTIVE_COMPILATION_CONDITIONS = DEBUG;
				SWIFT_OPTIMIZATION_LEVEL = "-Onone";
			};
			name = Debug;
		};
		A3F277DD216DB46D002B1221 /* Release */ = {
			isa = XCBuildConfiguration;
			buildSettings = {
				ALWAYS_SEARCH_USER_PATHS = NO;
				CLANG_ANALYZER_NONNULL = YES;
				CLANG_ANALYZER_NUMBER_OBJECT_CONVERSION = YES_AGGRESSIVE;
				CLANG_CXX_LANGUAGE_STANDARD = "gnu++14";
				CLANG_CXX_LIBRARY = "libc++";
				CLANG_ENABLE_MODULES = YES;
				CLANG_ENABLE_OBJC_ARC = YES;
				CLANG_ENABLE_OBJC_WEAK = YES;
				CLANG_WARN_BLOCK_CAPTURE_AUTORELEASING = YES;
				CLANG_WARN_BOOL_CONVERSION = YES;
				CLANG_WARN_COMMA = YES;
				CLANG_WARN_CONSTANT_CONVERSION = YES;
				CLANG_WARN_DEPRECATED_OBJC_IMPLEMENTATIONS = YES;
				CLANG_WARN_DIRECT_OBJC_ISA_USAGE = YES_ERROR;
				CLANG_WARN_DOCUMENTATION_COMMENTS = YES;
				CLANG_WARN_EMPTY_BODY = YES;
				CLANG_WARN_ENUM_CONVERSION = YES;
				CLANG_WARN_INFINITE_RECURSION = YES;
				CLANG_WARN_INT_CONVERSION = YES;
				CLANG_WARN_NON_LITERAL_NULL_CONVERSION = YES;
				CLANG_WARN_OBJC_IMPLICIT_RETAIN_SELF = YES;
				CLANG_WARN_OBJC_LITERAL_CONVERSION = YES;
				CLANG_WARN_OBJC_ROOT_CLASS = YES_ERROR;
				CLANG_WARN_RANGE_LOOP_ANALYSIS = YES;
				CLANG_WARN_STRICT_PROTOTYPES = YES;
				CLANG_WARN_SUSPICIOUS_MOVE = YES;
				CLANG_WARN_UNGUARDED_AVAILABILITY = YES_AGGRESSIVE;
				CLANG_WARN_UNREACHABLE_CODE = YES;
				CLANG_WARN__DUPLICATE_METHOD_MATCH = YES;
				CODE_SIGN_IDENTITY = "iPhone Developer";
				COPY_PHASE_STRIP = NO;
				DEBUG_INFORMATION_FORMAT = "dwarf-with-dsym";
				ENABLE_NS_ASSERTIONS = NO;
				ENABLE_STRICT_OBJC_MSGSEND = YES;
				GCC_C_LANGUAGE_STANDARD = gnu11;
				GCC_NO_COMMON_BLOCKS = YES;
				GCC_WARN_64_TO_32_BIT_CONVERSION = YES;
				GCC_WARN_ABOUT_RETURN_TYPE = YES_ERROR;
				GCC_WARN_UNDECLARED_SELECTOR = YES;
				GCC_WARN_UNINITIALIZED_AUTOS = YES_AGGRESSIVE;
				GCC_WARN_UNUSED_FUNCTION = YES;
				GCC_WARN_UNUSED_VARIABLE = YES;
				IPHONEOS_DEPLOYMENT_TARGET = 12.0;
				MTL_ENABLE_DEBUG_INFO = NO;
				MTL_FAST_MATH = YES;
				SDKROOT = iphoneos;
				SWIFT_COMPILATION_MODE = wholemodule;
				SWIFT_OPTIMIZATION_LEVEL = "-O";
				VALIDATE_PRODUCT = YES;
			};
			name = Release;
		};
		A3F277DF216DB46D002B1221 /* Debug */ = {
			isa = XCBuildConfiguration;
			buildSettings = {
				ASSETCATALOG_COMPILER_APPICON_NAME = AppIcon;
				CODE_SIGN_STYLE = Automatic;
				DEVELOPMENT_TEAM = 77F35BPUBS;
				INFOPLIST_FILE = SleepyNote/Info.plist;
				LD_RUNPATH_SEARCH_PATHS = (
					"$(inherited)",
					"@executable_path/Frameworks",
				);
				PRODUCT_BUNDLE_IDENTIFIER = appleacademy.SleepyNote;
				PRODUCT_NAME = "$(TARGET_NAME)";
				SWIFT_VERSION = 4.2;
				TARGETED_DEVICE_FAMILY = "1,2";
			};
			name = Debug;
		};
		A3F277E0216DB46D002B1221 /* Release */ = {
			isa = XCBuildConfiguration;
			buildSettings = {
				ASSETCATALOG_COMPILER_APPICON_NAME = AppIcon;
				CODE_SIGN_STYLE = Automatic;
				DEVELOPMENT_TEAM = 77F35BPUBS;
				INFOPLIST_FILE = SleepyNote/Info.plist;
				LD_RUNPATH_SEARCH_PATHS = (
					"$(inherited)",
					"@executable_path/Frameworks",
				);
				PRODUCT_BUNDLE_IDENTIFIER = appleacademy.SleepyNote;
				PRODUCT_NAME = "$(TARGET_NAME)";
				SWIFT_VERSION = 4.2;
				TARGETED_DEVICE_FAMILY = "1,2";
			};
			name = Release;
		};
/* End XCBuildConfiguration section */

/* Begin XCConfigurationList section */
		A3F277C4216DB46B002B1221 /* Build configuration list for PBXProject "SleepyNote" */ = {
			isa = XCConfigurationList;
			buildConfigurations = (
				A3F277DC216DB46D002B1221 /* Debug */,
				A3F277DD216DB46D002B1221 /* Release */,
			);
			defaultConfigurationIsVisible = 0;
			defaultConfigurationName = Release;
		};
		A3F277DE216DB46D002B1221 /* Build configuration list for PBXNativeTarget "SleepyNote" */ = {
			isa = XCConfigurationList;
			buildConfigurations = (
				A3F277DF216DB46D002B1221 /* Debug */,
				A3F277E0216DB46D002B1221 /* Release */,
			);
			defaultConfigurationIsVisible = 0;
			defaultConfigurationName = Release;
		};
/* End XCConfigurationList section */

/* Begin XCVersionGroup section */
		A3F277D3216DB46B002B1221 /* SleepyNote.xcdatamodeld */ = {
			isa = XCVersionGroup;
			children = (
				A3F277D4216DB46B002B1221 /* SleepyNote.xcdatamodel */,
			);
			currentVersion = A3F277D4216DB46B002B1221 /* SleepyNote.xcdatamodel */;
			path = SleepyNote.xcdatamodeld;
			sourceTree = "<group>";
			versionGroupType = wrapper.xcdatamodel;
		};
/* End XCVersionGroup section */
	};
	rootObject = A3F277C1216DB46B002B1221 /* Project object */;
}
